
Microsoft Visual Studio Solution File, Format Version 12.00
# Visual Studio Version 16
VisualStudioVersion = 16.0.31321.278
MinimumVisualStudioVersion = 10.0.40219.1
Project("{FAE04EC0-301F-11D3-BF4B-00C04F79EFBC}") = "QuanLyNongSan", "QuanLyNongSan\QuanLyNongSan.csproj", "{4C194F9B-D696-45B3-AEB4-91526B77EA4A}"
EndProject
Global
	GlobalSection(SolutionConfigurationPlatforms) = preSolution
		Debug|Any CPU = Debug|Any CPU
		Release|Any CPU = Release|Any CPU
	EndGlobalSection
	GlobalSection(ProjectConfigurationPlatforms) = postSolution
		{4C194F9B-D696-45B3-AEB4-91526B77EA4A}.Debug|Any CPU.ActiveCfg = Debug|Any CPU
		{4C194F9B-D696-45B3-AEB4-91526B77EA4A}.Debug|Any CPU.Build.0 = Debug|Any CPU
		{4C194F9B-D696-45B3-AEB4-91526B77EA4A}.Release|Any CPU.ActiveCfg = Release|Any CPU
		{4C194F9B-D696-45B3-AEB4-91526B77EA4A}.Release|Any CPU.Build.0 = Release|Any CPU
	EndGlobalSection
	GlobalSection(SolutionProperties) = preSolution
		HideSolutionNode = FALSE
	EndGlobalSection
	GlobalSection(ExtensibilityGlobals) = postSolution
		SolutionGuid = {4C8245C8-1136-42C5-834A-22177B939DA7}
	EndGlobalSection
EndGlobal
